
Microsoft Visual Studio Solution File, Format Version 12.00
# Visual Studio 15
Project("{FAE04EC0-301F-11D3-BF4B-00C04F79EFBC}") = "SimpleWebTransport", "SimpleWebTransport.csproj", "{8395A714-C9F1-D26E-60D6-BBA75383F36A}"
EndProject
Project("{FAE04EC0-301F-11D3-BF4B-00C04F79EFBC}") = "Mirror", "Mirror.csproj", "{4B89527A-98DC-D253-AA8B-A79D0F701C44}"
EndProject
Project("{FAE04EC0-301F-11D3-BF4B-00C04F79EFBC}") = "Telepathy", "Telepathy.csproj", "{C8D4FC9A-809F-8C52-41CC-8E03A7DE05DE}"
EndProject
Project("{FAE04EC0-301F-11D3-BF4B-00C04F79EFBC}") = "Mirror.Cloud", "Mirror.Cloud.csproj", "{E4DFF864-46FF-A2EF-43F1-B74BA7AA0948}"
EndProject
Project("{FAE04EC0-301F-11D3-BF4B-00C04F79EFBC}") = "Mirror.Components", "Mirror.Components.csproj", "{3980316D-DF35-D978-7B9D-5C39AA13E411}"
EndProject
Project("{FAE04EC0-301F-11D3-BF4B-00C04F79EFBC}") = "Mirror.Examples", "Mirror.Examples.csproj", "{08D9BB97-770F-D24A-7316-82C53BE932CF}"
EndProject
Project("{FAE04EC0-301F-11D3-BF4B-00C04F79EFBC}") = "Mirror.Examples.Cloud.GUI", "Mirror.Examples.Cloud.GUI.csproj", "{6A240F94-1487-385B-17E9-9366717E1D9D}"
EndProject
Project("{FAE04EC0-301F-11D3-BF4B-00C04F79EFBC}") = "kcp2k", "kcp2k.csproj", "{EED9DA26-D30E-9B15-F39A-F8554D05D1C9}"
EndProject
Project("{FAE04EC0-301F-11D3-BF4B-00C04F79EFBC}") = "Assembly-CSharp", "Assembly-CSharp.csproj", "{688B0FB0-4637-9EA9-3BA1-E30B8C46BA09}"
EndProject
Project("{FAE04EC0-301F-11D3-BF4B-00C04F79EFBC}") = "Mirror.Examples.Cloud.Pong", "Mirror.Examples.Cloud.Pong.csproj", "{21A473E2-CFD6-0559-2A45-D2BCB31A7781}"
EndProject
Project("{FAE04EC0-301F-11D3-BF4B-00C04F79EFBC}") = "Mirror.Authenticators", "Mirror.Authenticators.csproj", "{6929F928-D68F-3606-9147-38465C3280D4}"
EndProject
Project("{FAE04EC0-301F-11D3-BF4B-00C04F79EFBC}") = "Mirror.Weaver", "Mirror.Weaver.csproj", "{AE1C71A3-14A1-8120-3D43-663C512E20FA}"
EndProject
Project("{FAE04EC0-301F-11D3-BF4B-00C04F79EFBC}") = "Mirror.Editor", "Mirror.Editor.csproj", "{43A188BF-0E48-8522-A423-FD454FF8C28B}"
EndProject
Project("{FAE04EC0-301F-11D3-BF4B-00C04F79EFBC}") = "Mirror.CompilerSymbols", "Mirror.CompilerSymbols.csproj", "{9FA6636A-433C-46C3-8415-0943A89FF967}"
EndProject
Global
	GlobalSection(SolutionConfigurationPlatforms) = preSolution
		Debug|Any CPU = Debug|Any CPU
		Release|Any CPU = Release|Any CPU
	EndGlobalSection
	GlobalSection(ProjectConfigurationPlatforms) = postSolution
		{8395A714-C9F1-D26E-60D6-BBA75383F36A}.Debug|Any CPU.ActiveCfg = Debug|Any CPU
		{8395A714-C9F1-D26E-60D6-BBA75383F36A}.Debug|Any CPU.Build.0 = Debug|Any CPU
		{8395A714-C9F1-D26E-60D6-BBA75383F36A}.Release|Any CPU.ActiveCfg = Release|Any CPU
		{8395A714-C9F1-D26E-60D6-BBA75383F36A}.Release|Any CPU.Build.0 = Release|Any CPU
		{4B89527A-98DC-D253-AA8B-A79D0F701C44}.Debug|Any CPU.ActiveCfg = Debug|Any CPU
		{4B89527A-98DC-D253-AA8B-A79D0F701C44}.Debug|Any CPU.Build.0 = Debug|Any CPU
		{4B89527A-98DC-D253-AA8B-A79D0F701C44}.Release|Any CPU.ActiveCfg = Release|Any CPU
		{4B89527A-98DC-D253-AA8B-A79D0F701C44}.Release|Any CPU.Build.0 = Release|Any CPU
		{C8D4FC9A-809F-8C52-41CC-8E03A7DE05DE}.Debug|Any CPU.ActiveCfg = Debug|Any CPU
		{C8D4FC9A-809F-8C52-41CC-8E03A7DE05DE}.Debug|Any CPU.Build.0 = Debug|Any CPU
		{C8D4FC9A-809F-8C52-41CC-8E03A7DE05DE}.Release|Any CPU.ActiveCfg = Release|Any CPU
		{C8D4FC9A-809F-8C52-41CC-8E03A7DE05DE}.Release|Any CPU.Build.0 = Release|Any CPU
		{E4DFF864-46FF-A2EF-43F1-B74BA7AA0948}.Debug|Any CPU.ActiveCfg = Debug|Any CPU
		{E4DFF864-46FF-A2EF-43F1-B74BA7AA0948}.Debug|Any CPU.Build.0 = Debug|Any CPU
		{E4DFF864-46FF-A2EF-43F1-B74BA7AA0948}.Release|Any CPU.ActiveCfg = Release|Any CPU
		{E4DFF864-46FF-A2EF-43F1-B74BA7AA0948}.Release|Any CPU.Build.0 = Release|Any CPU
		{3980316D-DF35-D978-7B9D-5C39AA13E411}.Debug|Any CPU.ActiveCfg = Debug|Any CPU
		{3980316D-DF35-D978-7B9D-5C39AA13E411}.Debug|Any CPU.Build.0 = Debug|Any CPU
		{3980316D-DF35-D978-7B9D-5C39AA13E411}.Release|Any CPU.ActiveCfg = Release|Any CPU
		{3980316D-DF35-D978-7B9D-5C39AA13E411}.Release|Any CPU.Build.0 = Release|Any CPU
		{08D9BB97-770F-D24A-7316-82C53BE932CF}.Debug|Any CPU.ActiveCfg = Debug|Any CPU
		{08D9BB97-770F-D24A-7316-82C53BE932CF}.Debug|Any CPU.Build.0 = Debug|Any CPU
		{08D9BB97-770F-D24A-7316-82C53BE932CF}.Release|Any CPU.ActiveCfg = Release|Any CPU
		{08D9BB97-770F-D24A-7316-82C53BE932CF}.Release|Any CPU.Build.0 = Release|Any CPU
		{6A240F94-1487-385B-17E9-9366717E1D9D}.Debug|Any CPU.ActiveCfg = Debug|Any CPU
		{6A240F94-1487-385B-17E9-9366717E1D9D}.Debug|Any CPU.Build.0 = Debug|Any CPU
		{6A240F94-1487-385B-17E9-9366717E1D9D}.Release|Any CPU.ActiveCfg = Release|Any CPU
		{6A240F94-1487-385B-17E9-9366717E1D9D}.Release|Any CPU.Build.0 = Release|Any CPU
		{EED9DA26-D30E-9B15-F39A-F8554D05D1C9}.Debug|Any CPU.ActiveCfg = Debug|Any CPU
		{EED9DA26-D30E-9B15-F39A-F8554D05D1C9}.Debug|Any CPU.Build.0 = Debug|Any CPU
		{EED9DA26-D30E-9B15-F39A-F8554D05D1C9}.Release|Any CPU.ActiveCfg = Release|Any CPU
		{EED9DA26-D30E-9B15-F39A-F8554D05D1C9}.Release|Any CPU.Build.0 = Release|Any CPU
		{688B0FB0-4637-9EA9-3BA1-E30B8C46BA09}.Debug|Any CPU.ActiveCfg = Debug|Any CPU
		{688B0FB0-4637-9EA9-3BA1-E30B8C46BA09}.Debug|Any CPU.Build.0 = Debug|Any CPU
		{688B0FB0-4637-9EA9-3BA1-E30B8C46BA09}.Release|Any CPU.ActiveCfg = Release|Any CPU
		{688B0FB0-4637-9EA9-3BA1-E30B8C46BA09}.Release|Any CPU.Build.0 = Release|Any CPU
		{21A473E2-CFD6-0559-2A45-D2BCB31A7781}.Debug|Any CPU.ActiveCfg = Debug|Any CPU
		{21A473E2-CFD6-0559-2A45-D2BCB31A7781}.Debug|Any CPU.Build.0 = Debug|Any CPU
		{21A473E2-CFD6-0559-2A45-D2BCB31A7781}.Release|Any CPU.ActiveCfg = Release|Any CPU
		{21A473E2-CFD6-0559-2A45-D2BCB31A7781}.Release|Any CPU.Build.0 = Release|Any CPU
		{6929F928-D68F-3606-9147-38465C3280D4}.Debug|Any CPU.ActiveCfg = Debug|Any CPU
		{6929F928-D68F-3606-9147-38465C3280D4}.Debug|Any CPU.Build.0 = Debug|Any CPU
		{6929F928-D68F-3606-9147-38465C3280D4}.Release|Any CPU.ActiveCfg = Release|Any CPU
		{6929F928-D68F-3606-9147-38465C3280D4}.Release|Any CPU.Build.0 = Release|Any CPU
		{AE1C71A3-14A1-8120-3D43-663C512E20FA}.Debug|Any CPU.ActiveCfg = Debug|Any CPU
		{AE1C71A3-14A1-8120-3D43-663C512E20FA}.Debug|Any CPU.Build.0 = Debug|Any CPU
		{AE1C71A3-14A1-8120-3D43-663C512E20FA}.Release|Any CPU.ActiveCfg = Release|Any CPU
		{AE1C71A3-14A1-8120-3D43-663C512E20FA}.Release|Any CPU.Build.0 = Release|Any CPU
		{43A188BF-0E48-8522-A423-FD454FF8C28B}.Debug|Any CPU.ActiveCfg = Debug|Any CPU
		{43A188BF-0E48-8522-A423-FD454FF8C28B}.Debug|Any CPU.Build.0 = Debug|Any CPU
		{43A188BF-0E48-8522-A423-FD454FF8C28B}.Release|Any CPU.ActiveCfg = Release|Any CPU
		{43A188BF-0E48-8522-A423-FD454FF8C28B}.Release|Any CPU.Build.0 = Release|Any CPU
		{9FA6636A-433C-46C3-8415-0943A89FF967}.Debug|Any CPU.ActiveCfg = Debug|Any CPU
		{9FA6636A-433C-46C3-8415-0943A89FF967}.Debug|Any CPU.Build.0 = Debug|Any CPU
		{9FA6636A-433C-46C3-8415-0943A89FF967}.Release|Any CPU.ActiveCfg = Release|Any CPU
		{9FA6636A-433C-46C3-8415-0943A89FF967}.Release|Any CPU.Build.0 = Release|Any CPU
	EndGlobalSection
	GlobalSection(SolutionProperties) = preSolution
		HideSolutionNode = FALSE
	EndGlobalSection
EndGlobal
